// !$*UTF8*$!
{
	archiveVersion = 1;
	classes = {
	};
	objectVersion = 56;
	objects = {

/* Begin PBXBuildFile section */
		370A25AF2A54B9F70076D378 /* TopBarMinimized.swift in Sources */ = {isa = PBXBuildFile; fileRef = 370A25AE2A54B9F70076D378 /* TopBarMinimized.swift */; };
		370A25B62A54FA400076D378 /* TopBarContainer.swift in Sources */ = {isa = PBXBuildFile; fileRef = 370A25B52A54FA400076D378 /* TopBarContainer.swift */; };
		372A0DEE2A64B40C002F851F /* InstanceSettings.swift in Sources */ = {isa = PBXBuildFile; fileRef = 372A0DED2A64B40C002F851F /* InstanceSettings.swift */; };
		372DC5992A8982FD00843D14 /* ViewModels.swift in Sources */ = {isa = PBXBuildFile; fileRef = 372DC5982A8982FD00843D14 /* ViewModels.swift */; };
		37346BD32A520AB800CB346A /* TopBarExpanded.swift in Sources */ = {isa = PBXBuildFile; fileRef = 37346BD22A520AB800CB346A /* TopBarExpanded.swift */; };
		37350F1F2A6DF2DC00DD239B /* PostItemButtons.swift in Sources */ = {isa = PBXBuildFile; fileRef = 37350F1E2A6DF2DC00DD239B /* PostItemButtons.swift */; };
		37350F212A6DF4E000DD239B /* FeedViewBackground.swift in Sources */ = {isa = PBXBuildFile; fileRef = 37350F202A6DF4E000DD239B /* FeedViewBackground.swift */; };
		373DABB32A75D9E500DF17EB /* MockDataGenerator.swift in Sources */ = {isa = PBXBuildFile; fileRef = 373DABB22A75D9E500DF17EB /* MockDataGenerator.swift */; };
		373DABB92A75E8F100DF17EB /* MockDataStrings.swift in Sources */ = {isa = PBXBuildFile; fileRef = 373DABB82A75E8F100DF17EB /* MockDataStrings.swift */; };
		376BB76B2A8080BA00AE9FB0 /* Buttons.swift in Sources */ = {isa = PBXBuildFile; fileRef = 376BB76A2A8080B900AE9FB0 /* Buttons.swift */; };
		376BB76E2A80846200AE9FB0 /* CommentsButtons.swift in Sources */ = {isa = PBXBuildFile; fileRef = 376BB76D2A80846200AE9FB0 /* CommentsButtons.swift */; };
		376BB7702A80B40B00AE9FB0 /* PostComponents.swift in Sources */ = {isa = PBXBuildFile; fileRef = 376BB76F2A80B40B00AE9FB0 /* PostComponents.swift */; };
		376BB7722A80B7F000AE9FB0 /* CommentsFeedView.swift in Sources */ = {isa = PBXBuildFile; fileRef = 376BB7712A80B7F000AE9FB0 /* CommentsFeedView.swift */; };
		37CF46AB2A50FAF700952075 /* AlpacaListApp.swift in Sources */ = {isa = PBXBuildFile; fileRef = 37CF46AA2A50FAF700952075 /* AlpacaListApp.swift */; };
		37CF46AD2A50FAF700952075 /* PostFeedView.swift in Sources */ = {isa = PBXBuildFile; fileRef = 37CF46AC2A50FAF700952075 /* PostFeedView.swift */; };
		37CF46AF2A50FAF800952075 /* Assets.xcassets in Resources */ = {isa = PBXBuildFile; fileRef = 37CF46AE2A50FAF800952075 /* Assets.xcassets */; };
		37CF46B22A50FAF800952075 /* Preview Assets.xcassets in Resources */ = {isa = PBXBuildFile; fileRef = 37CF46B12A50FAF800952075 /* Preview Assets.xcassets */; };
		37CF46BC2A50FAF800952075 /* AlpacaListTests.swift in Sources */ = {isa = PBXBuildFile; fileRef = 37CF46BB2A50FAF800952075 /* AlpacaListTests.swift */; };
		37CF46C62A50FAF800952075 /* AlpacaListUITests.swift in Sources */ = {isa = PBXBuildFile; fileRef = 37CF46C52A50FAF800952075 /* AlpacaListUITests.swift */; };
		37CF46C82A50FAF800952075 /* AlpacaListUITestsLaunchTests.swift in Sources */ = {isa = PBXBuildFile; fileRef = 37CF46C72A50FAF800952075 /* AlpacaListUITestsLaunchTests.swift */; };
		37CF46D82A50FC8A00952075 /* FeedItem.swift in Sources */ = {isa = PBXBuildFile; fileRef = 37CF46D72A50FC8A00952075 /* FeedItem.swift */; };
		37D9FED22A5BA31100E539A6 /* UserSettings.swift in Sources */ = {isa = PBXBuildFile; fileRef = 37D9FED12A5BA31100E539A6 /* UserSettings.swift */; };
		37D9FED62A5BC46300E539A6 /* SettingsComponents.swift in Sources */ = {isa = PBXBuildFile; fileRef = 37D9FED52A5BC46300E539A6 /* SettingsComponents.swift */; };
		37DC2B852A9BD59300D6B879 /* Helpers.swift in Sources */ = {isa = PBXBuildFile; fileRef = 37DC2B842A9BD59300D6B879 /* Helpers.swift */; };
		37F689502A510D82004E27DF /* FeedItemView.swift in Sources */ = {isa = PBXBuildFile; fileRef = 37F6894F2A510D82004E27DF /* FeedItemView.swift */; };
/* End PBXBuildFile section */

/* Begin PBXContainerItemProxy section */
		37CF46B82A50FAF800952075 /* PBXContainerItemProxy */ = {
			isa = PBXContainerItemProxy;
			containerPortal = 37CF469F2A50FAF700952075 /* Project object */;
			proxyType = 1;
			remoteGlobalIDString = 37CF46A62A50FAF700952075;
			remoteInfo = AlpacaList;
		};
		37CF46C22A50FAF800952075 /* PBXContainerItemProxy */ = {
			isa = PBXContainerItemProxy;
			containerPortal = 37CF469F2A50FAF700952075 /* Project object */;
			proxyType = 1;
			remoteGlobalIDString = 37CF46A62A50FAF700952075;
			remoteInfo = AlpacaList;
		};
/* End PBXContainerItemProxy section */

/* Begin PBXFileReference section */
		370A25AE2A54B9F70076D378 /* TopBarMinimized.swift */ = {isa = PBXFileReference; lastKnownFileType = sourcecode.swift; path = TopBarMinimized.swift; sourceTree = "<group>"; };
		370A25B52A54FA400076D378 /* TopBarContainer.swift */ = {isa = PBXFileReference; lastKnownFileType = sourcecode.swift; path = TopBarContainer.swift; sourceTree = "<group>"; };
		372A0DED2A64B40C002F851F /* InstanceSettings.swift */ = {isa = PBXFileReference; lastKnownFileType = sourcecode.swift; path = InstanceSettings.swift; sourceTree = "<group>"; };
		372DC5982A8982FD00843D14 /* ViewModels.swift */ = {isa = PBXFileReference; lastKnownFileType = sourcecode.swift; path = ViewModels.swift; sourceTree = "<group>"; };
		37346BD22A520AB800CB346A /* TopBarExpanded.swift */ = {isa = PBXFileReference; lastKnownFileType = sourcecode.swift; path = TopBarExpanded.swift; sourceTree = "<group>"; };
		37350F1E2A6DF2DC00DD239B /* PostItemButtons.swift */ = {isa = PBXFileReference; lastKnownFileType = sourcecode.swift; path = PostItemButtons.swift; sourceTree = "<group>"; };
		37350F202A6DF4E000DD239B /* FeedViewBackground.swift */ = {isa = PBXFileReference; lastKnownFileType = sourcecode.swift; path = FeedViewBackground.swift; sourceTree = "<group>"; };
		373DABB22A75D9E500DF17EB /* MockDataGenerator.swift */ = {isa = PBXFileReference; lastKnownFileType = sourcecode.swift; path = MockDataGenerator.swift; sourceTree = "<group>"; };
		373DABB82A75E8F100DF17EB /* MockDataStrings.swift */ = {isa = PBXFileReference; lastKnownFileType = sourcecode.swift; path = MockDataStrings.swift; sourceTree = "<group>"; };
		376BB76A2A8080B900AE9FB0 /* Buttons.swift */ = {isa = PBXFileReference; lastKnownFileType = sourcecode.swift; path = Buttons.swift; sourceTree = "<group>"; };
		376BB76D2A80846200AE9FB0 /* CommentsButtons.swift */ = {isa = PBXFileReference; lastKnownFileType = sourcecode.swift; path = CommentsButtons.swift; sourceTree = "<group>"; };
		376BB76F2A80B40B00AE9FB0 /* PostComponents.swift */ = {isa = PBXFileReference; lastKnownFileType = sourcecode.swift; path = PostComponents.swift; sourceTree = "<group>"; };
		376BB7712A80B7F000AE9FB0 /* CommentsFeedView.swift */ = {isa = PBXFileReference; lastKnownFileType = sourcecode.swift; path = CommentsFeedView.swift; sourceTree = "<group>"; };
		37CF46A72A50FAF700952075 /* AlpacaList.app */ = {isa = PBXFileReference; explicitFileType = wrapper.application; includeInIndex = 0; path = AlpacaList.app; sourceTree = BUILT_PRODUCTS_DIR; };
		37CF46AA2A50FAF700952075 /* AlpacaListApp.swift */ = {isa = PBXFileReference; lastKnownFileType = sourcecode.swift; path = AlpacaListApp.swift; sourceTree = "<group>"; };
		37CF46AC2A50FAF700952075 /* PostFeedView.swift */ = {isa = PBXFileReference; lastKnownFileType = sourcecode.swift; path = PostFeedView.swift; sourceTree = "<group>"; };
		37CF46AE2A50FAF800952075 /* Assets.xcassets */ = {isa = PBXFileReference; lastKnownFileType = folder.assetcatalog; path = Assets.xcassets; sourceTree = "<group>"; };
		37CF46B12A50FAF800952075 /* Preview Assets.xcassets */ = {isa = PBXFileReference; lastKnownFileType = folder.assetcatalog; path = "Preview Assets.xcassets"; sourceTree = "<group>"; };
		37CF46B72A50FAF800952075 /* AlpacaListTests.xctest */ = {isa = PBXFileReference; explicitFileType = wrapper.cfbundle; includeInIndex = 0; path = AlpacaListTests.xctest; sourceTree = BUILT_PRODUCTS_DIR; };
		37CF46BB2A50FAF800952075 /* AlpacaListTests.swift */ = {isa = PBXFileReference; lastKnownFileType = sourcecode.swift; path = AlpacaListTests.swift; sourceTree = "<group>"; };
		37CF46C12A50FAF800952075 /* AlpacaListUITests.xctest */ = {isa = PBXFileReference; explicitFileType = wrapper.cfbundle; includeInIndex = 0; path = AlpacaListUITests.xctest; sourceTree = BUILT_PRODUCTS_DIR; };
		37CF46C52A50FAF800952075 /* AlpacaListUITests.swift */ = {isa = PBXFileReference; lastKnownFileType = sourcecode.swift; path = AlpacaListUITests.swift; sourceTree = "<group>"; };
		37CF46C72A50FAF800952075 /* AlpacaListUITestsLaunchTests.swift */ = {isa = PBXFileReference; lastKnownFileType = sourcecode.swift; path = AlpacaListUITestsLaunchTests.swift; sourceTree = "<group>"; };
		37CF46D72A50FC8A00952075 /* FeedItem.swift */ = {isa = PBXFileReference; lastKnownFileType = sourcecode.swift; path = FeedItem.swift; sourceTree = "<group>"; };
		37D9FED12A5BA31100E539A6 /* UserSettings.swift */ = {isa = PBXFileReference; lastKnownFileType = sourcecode.swift; path = UserSettings.swift; sourceTree = "<group>"; };
		37D9FED52A5BC46300E539A6 /* SettingsComponents.swift */ = {isa = PBXFileReference; lastKnownFileType = sourcecode.swift; path = SettingsComponents.swift; sourceTree = "<group>"; };
		37DC2B842A9BD59300D6B879 /* Helpers.swift */ = {isa = PBXFileReference; lastKnownFileType = sourcecode.swift; path = Helpers.swift; sourceTree = "<group>"; };
		37F6894F2A510D82004E27DF /* FeedItemView.swift */ = {isa = PBXFileReference; lastKnownFileType = sourcecode.swift; path = FeedItemView.swift; sourceTree = "<group>"; };
/* End PBXFileReference section */

/* Begin PBXFrameworksBuildPhase section */
		37CF46A42A50FAF700952075 /* Frameworks */ = {
			isa = PBXFrameworksBuildPhase;
			buildActionMask = 2147483647;
			files = (
			);
			runOnlyForDeploymentPostprocessing = 0;
		};
		37CF46B42A50FAF800952075 /* Frameworks */ = {
			isa = PBXFrameworksBuildPhase;
			buildActionMask = 2147483647;
			files = (
			);
			runOnlyForDeploymentPostprocessing = 0;
		};
		37CF46BE2A50FAF800952075 /* Frameworks */ = {
			isa = PBXFrameworksBuildPhase;
			buildActionMask = 2147483647;
			files = (
			);
			runOnlyForDeploymentPostprocessing = 0;
		};
/* End PBXFrameworksBuildPhase section */

/* Begin PBXGroup section */
		370A25B02A54EF320076D378 /* Feed */ = {
			isa = PBXGroup;
			children = (
				376BB7692A80809E00AE9FB0 /* Components */,
				372C4C582A807843008AC69A /* Feeds */,
				37350F202A6DF4E000DD239B /* FeedViewBackground.swift */,
			);
			path = Feed;
			sourceTree = "<group>";
		};
		372C4C582A807843008AC69A /* Feeds */ = {
			isa = PBXGroup;
			children = (
				37F6894F2A510D82004E27DF /* FeedItemView.swift */,
				376BB7712A80B7F000AE9FB0 /* CommentsFeedView.swift */,
				37CF46AC2A50FAF700952075 /* PostFeedView.swift */,
			);
			path = Feeds;
			sourceTree = "<group>";
		};
		376243A32A59FEA40026DB10 /* TopBar */ = {
			isa = PBXGroup;
			children = (
				370A25AE2A54B9F70076D378 /* TopBarMinimized.swift */,
				37346BD22A520AB800CB346A /* TopBarExpanded.swift */,
				370A25B52A54FA400076D378 /* TopBarContainer.swift */,
			);
			path = TopBar;
			sourceTree = "<group>";
		};
		376BB7692A80809E00AE9FB0 /* Components */ = {
			isa = PBXGroup;
			children = (
				376BB76D2A80846200AE9FB0 /* CommentsButtons.swift */,
				37350F1E2A6DF2DC00DD239B /* PostItemButtons.swift */,
				376BB76A2A8080B900AE9FB0 /* Buttons.swift */,
				376BB76F2A80B40B00AE9FB0 /* PostComponents.swift */,
			);
			path = Components;
			sourceTree = "<group>";
		};
		37CF469E2A50FAF700952075 = {
			isa = PBXGroup;
			children = (
				37CF46A92A50FAF700952075 /* AlpacaList */,
				37CF46BA2A50FAF800952075 /* AlpacaListTests */,
				37CF46C42A50FAF800952075 /* AlpacaListUITests */,
				37CF46A82A50FAF700952075 /* Products */,
			);
			sourceTree = "<group>";
		};
		37CF46A82A50FAF700952075 /* Products */ = {
			isa = PBXGroup;
			children = (
				37CF46A72A50FAF700952075 /* AlpacaList.app */,
				37CF46B72A50FAF800952075 /* AlpacaListTests.xctest */,
				37CF46C12A50FAF800952075 /* AlpacaListUITests.xctest */,
			);
			name = Products;
			sourceTree = "<group>";
		};
		37CF46A92A50FAF700952075 /* AlpacaList */ = {
			isa = PBXGroup;
			children = (
				37CF46D52A50FC4800952075 /* Data */,
				37CF46D42A50FC3B00952075 /* Views */,
				37CF46AA2A50FAF700952075 /* AlpacaListApp.swift */,
				37CF46AE2A50FAF800952075 /* Assets.xcassets */,
				37CF46B02A50FAF800952075 /* Preview Content */,
			);
			path = AlpacaList;
			sourceTree = "<group>";
		};
		37CF46B02A50FAF800952075 /* Preview Content */ = {
			isa = PBXGroup;
			children = (
				37CF46B12A50FAF800952075 /* Preview Assets.xcassets */,
			);
			path = "Preview Content";
			sourceTree = "<group>";
		};
		37CF46BA2A50FAF800952075 /* AlpacaListTests */ = {
			isa = PBXGroup;
			children = (
				37CF46BB2A50FAF800952075 /* AlpacaListTests.swift */,
			);
			path = AlpacaListTests;
			sourceTree = "<group>";
		};
		37CF46C42A50FAF800952075 /* AlpacaListUITests */ = {
			isa = PBXGroup;
			children = (
				37CF46C52A50FAF800952075 /* AlpacaListUITests.swift */,
				37CF46C72A50FAF800952075 /* AlpacaListUITestsLaunchTests.swift */,
			);
			path = AlpacaListUITests;
			sourceTree = "<group>";
		};
		37CF46D42A50FC3B00952075 /* Views */ = {
			isa = PBXGroup;
			children = (
				37D9FED02A5BA2E900E539A6 /* Settings */,
				376243A32A59FEA40026DB10 /* TopBar */,
				370A25B02A54EF320076D378 /* Feed */,
			);
			path = Views;
			sourceTree = "<group>";
		};
		37CF46D52A50FC4800952075 /* Data */ = {
			isa = PBXGroup;
			children = (
				372DC5982A8982FD00843D14 /* ViewModels.swift */,
				37CF46D72A50FC8A00952075 /* FeedItem.swift */,
				37DC2B842A9BD59300D6B879 /* Helpers.swift */,
				373DABB22A75D9E500DF17EB /* MockDataGenerator.swift */,
				373DABB82A75E8F100DF17EB /* MockDataStrings.swift */,
			);
			path = Data;
			sourceTree = "<group>";
		};
		37D9FED02A5BA2E900E539A6 /* Settings */ = {
			isa = PBXGroup;
			children = (
				37D9FED52A5BC46300E539A6 /* SettingsComponents.swift */,
				37D9FED12A5BA31100E539A6 /* UserSettings.swift */,
				372A0DED2A64B40C002F851F /* InstanceSettings.swift */,
			);
			path = Settings;
			sourceTree = "<group>";
		};
/* End PBXGroup section */

/* Begin PBXNativeTarget section */
		37CF46A62A50FAF700952075 /* AlpacaList */ = {
			isa = PBXNativeTarget;
			buildConfigurationList = 37CF46CB2A50FAF800952075 /* Build configuration list for PBXNativeTarget "AlpacaList" */;
			buildPhases = (
				37CF46A32A50FAF700952075 /* Sources */,
				37CF46A42A50FAF700952075 /* Frameworks */,
				37CF46A52A50FAF700952075 /* Resources */,
			);
			buildRules = (
			);
			dependencies = (
			);
			name = AlpacaList;
			productName = AlpacaList;
			productReference = 37CF46A72A50FAF700952075 /* AlpacaList.app */;
			productType = "com.apple.product-type.application";
		};
		37CF46B62A50FAF800952075 /* AlpacaListTests */ = {
			isa = PBXNativeTarget;
			buildConfigurationList = 37CF46CE2A50FAF800952075 /* Build configuration list for PBXNativeTarget "AlpacaListTests" */;
			buildPhases = (
				37CF46B32A50FAF800952075 /* Sources */,
				37CF46B42A50FAF800952075 /* Frameworks */,
				37CF46B52A50FAF800952075 /* Resources */,
			);
			buildRules = (
			);
			dependencies = (
				37CF46B92A50FAF800952075 /* PBXTargetDependency */,
			);
			name = AlpacaListTests;
			productName = AlpacaListTests;
			productReference = 37CF46B72A50FAF800952075 /* AlpacaListTests.xctest */;
			productType = "com.apple.product-type.bundle.unit-test";
		};
		37CF46C02A50FAF800952075 /* AlpacaListUITests */ = {
			isa = PBXNativeTarget;
			buildConfigurationList = 37CF46D12A50FAF800952075 /* Build configuration list for PBXNativeTarget "AlpacaListUITests" */;
			buildPhases = (
				37CF46BD2A50FAF800952075 /* Sources */,
				37CF46BE2A50FAF800952075 /* Frameworks */,
				37CF46BF2A50FAF800952075 /* Resources */,
			);
			buildRules = (
			);
			dependencies = (
				37CF46C32A50FAF800952075 /* PBXTargetDependency */,
			);
			name = AlpacaListUITests;
			productName = AlpacaListUITests;
			productReference = 37CF46C12A50FAF800952075 /* AlpacaListUITests.xctest */;
			productType = "com.apple.product-type.bundle.ui-testing";
		};
/* End PBXNativeTarget section */

/* Begin PBXProject section */
		37CF469F2A50FAF700952075 /* Project object */ = {
			isa = PBXProject;
			attributes = {
				BuildIndependentTargetsInParallel = 1;
				LastSwiftUpdateCheck = 1430;
				LastUpgradeCheck = 1430;
				TargetAttributes = {
					37CF46A62A50FAF700952075 = {
						CreatedOnToolsVersion = 14.3;
					};
					37CF46B62A50FAF800952075 = {
						CreatedOnToolsVersion = 14.3;
						TestTargetID = 37CF46A62A50FAF700952075;
					};
					37CF46C02A50FAF800952075 = {
						CreatedOnToolsVersion = 14.3;
						TestTargetID = 37CF46A62A50FAF700952075;
					};
				};
			};
			buildConfigurationList = 37CF46A22A50FAF700952075 /* Build configuration list for PBXProject "AlpacaList" */;
			compatibilityVersion = "Xcode 14.0";
			developmentRegion = en;
			hasScannedForEncodings = 0;
			knownRegions = (
				en,
				Base,
			);
			mainGroup = 37CF469E2A50FAF700952075;
			productRefGroup = 37CF46A82A50FAF700952075 /* Products */;
			projectDirPath = "";
			projectRoot = "";
			targets = (
				37CF46A62A50FAF700952075 /* AlpacaList */,
				37CF46B62A50FAF800952075 /* AlpacaListTests */,
				37CF46C02A50FAF800952075 /* AlpacaListUITests */,
			);
		};
/* End PBXProject section */

/* Begin PBXResourcesBuildPhase section */
		37CF46A52A50FAF700952075 /* Resources */ = {
			isa = PBXResourcesBuildPhase;
			buildActionMask = 2147483647;
			files = (
				37CF46B22A50FAF800952075 /* Preview Assets.xcassets in Resources */,
				37CF46AF2A50FAF800952075 /* Assets.xcassets in Resources */,
			);
			runOnlyForDeploymentPostprocessing = 0;
		};
		37CF46B52A50FAF800952075 /* Resources */ = {
			isa = PBXResourcesBuildPhase;
			buildActionMask = 2147483647;
			files = (
			);
			runOnlyForDeploymentPostprocessing = 0;
		};
		37CF46BF2A50FAF800952075 /* Resources */ = {
			isa = PBXResourcesBuildPhase;
			buildActionMask = 2147483647;
			files = (
			);
			runOnlyForDeploymentPostprocessing = 0;
		};
/* End PBXResourcesBuildPhase section */

/* Begin PBXSourcesBuildPhase section */
		37CF46A32A50FAF700952075 /* Sources */ = {
			isa = PBXSourcesBuildPhase;
			buildActionMask = 2147483647;
			files = (
				376BB76B2A8080BA00AE9FB0 /* Buttons.swift in Sources */,
				37346BD32A520AB800CB346A /* TopBarExpanded.swift in Sources */,
				370A25B62A54FA400076D378 /* TopBarContainer.swift in Sources */,
				37DC2B852A9BD59300D6B879 /* Helpers.swift in Sources */,
				37CF46AD2A50FAF700952075 /* PostFeedView.swift in Sources */,
				37CF46AB2A50FAF700952075 /* AlpacaListApp.swift in Sources */,
				376BB76E2A80846200AE9FB0 /* CommentsButtons.swift in Sources */,
				376BB7722A80B7F000AE9FB0 /* CommentsFeedView.swift in Sources */,
				37350F1F2A6DF2DC00DD239B /* PostItemButtons.swift in Sources */,
				37CF46D82A50FC8A00952075 /* FeedItem.swift in Sources */,
				376BB7702A80B40B00AE9FB0 /* PostComponents.swift in Sources */,
				37350F212A6DF4E000DD239B /* FeedViewBackground.swift in Sources */,
				373DABB32A75D9E500DF17EB /* MockDataGenerator.swift in Sources */,
				370A25AF2A54B9F70076D378 /* TopBarMinimized.swift in Sources */,
				372A0DEE2A64B40C002F851F /* InstanceSettings.swift in Sources */,
				37F689502A510D82004E27DF /* FeedItemView.swift in Sources */,
				37D9FED62A5BC46300E539A6 /* SettingsComponents.swift in Sources */,
				373DABB92A75E8F100DF17EB /* MockDataStrings.swift in Sources */,
				37D9FED22A5BA31100E539A6 /* UserSettings.swift in Sources */,
				372DC5992A8982FD00843D14 /* ViewModels.swift in Sources */,
			);
			runOnlyForDeploymentPostprocessing = 0;
		};
		37CF46B32A50FAF800952075 /* Sources */ = {
			isa = PBXSourcesBuildPhase;
			buildActionMask = 2147483647;
			files = (
				37CF46BC2A50FAF800952075 /* AlpacaListTests.swift in Sources */,
			);
			runOnlyForDeploymentPostprocessing = 0;
		};
		37CF46BD2A50FAF800952075 /* Sources */ = {
			isa = PBXSourcesBuildPhase;
			buildActionMask = 2147483647;
			files = (
				37CF46C82A50FAF800952075 /* AlpacaListUITestsLaunchTests.swift in Sources */,
				37CF46C62A50FAF800952075 /* AlpacaListUITests.swift in Sources */,
			);
			runOnlyForDeploymentPostprocessing = 0;
		};
/* End PBXSourcesBuildPhase section */

/* Begin PBXTargetDependency section */
		37CF46B92A50FAF800952075 /* PBXTargetDependency */ = {
			isa = PBXTargetDependency;
			target = 37CF46A62A50FAF700952075 /* AlpacaList */;
			targetProxy = 37CF46B82A50FAF800952075 /* PBXContainerItemProxy */;
		};
		37CF46C32A50FAF800952075 /* PBXTargetDependency */ = {
			isa = PBXTargetDependency;
			target = 37CF46A62A50FAF700952075 /* AlpacaList */;
			targetProxy = 37CF46C22A50FAF800952075 /* PBXContainerItemProxy */;
		};
/* End PBXTargetDependency section */

/* Begin XCBuildConfiguration section */
		37CF46C92A50FAF800952075 /* Debug */ = {
			isa = XCBuildConfiguration;
			buildSettings = {
				ALWAYS_SEARCH_USER_PATHS = NO;
				CLANG_ANALYZER_NONNULL = YES;
				CLANG_ANALYZER_NUMBER_OBJECT_CONVERSION = YES_AGGRESSIVE;
				CLANG_CXX_LANGUAGE_STANDARD = "gnu++20";
				CLANG_ENABLE_MODULES = YES;
				CLANG_ENABLE_OBJC_ARC = YES;
				CLANG_ENABLE_OBJC_WEAK = YES;
				CLANG_WARN_BLOCK_CAPTURE_AUTORELEASING = YES;
				CLANG_WARN_BOOL_CONVERSION = YES;
				CLANG_WARN_COMMA = YES;
				CLANG_WARN_CONSTANT_CONVERSION = YES;
				CLANG_WARN_DEPRECATED_OBJC_IMPLEMENTATIONS = YES;
				CLANG_WARN_DIRECT_OBJC_ISA_USAGE = YES_ERROR;
				CLANG_WARN_DOCUMENTATION_COMMENTS = YES;
				CLANG_WARN_EMPTY_BODY = YES;
				CLANG_WARN_ENUM_CONVERSION = YES;
				CLANG_WARN_INFINITE_RECURSION = YES;
				CLANG_WARN_INT_CONVERSION = YES;
				CLANG_WARN_NON_LITERAL_NULL_CONVERSION = YES;
				CLANG_WARN_OBJC_IMPLICIT_RETAIN_SELF = YES;
				CLANG_WARN_OBJC_LITERAL_CONVERSION = YES;
				CLANG_WARN_OBJC_ROOT_CLASS = YES_ERROR;
				CLANG_WARN_QUOTED_INCLUDE_IN_FRAMEWORK_HEADER = YES;
				CLANG_WARN_RANGE_LOOP_ANALYSIS = YES;
				CLANG_WARN_STRICT_PROTOTYPES = YES;
				CLANG_WARN_SUSPICIOUS_MOVE = YES;
				CLANG_WARN_UNGUARDED_AVAILABILITY = YES_AGGRESSIVE;
				CLANG_WARN_UNREACHABLE_CODE = YES;
				CLANG_WARN__DUPLICATE_METHOD_MATCH = YES;
				COPY_PHASE_STRIP = NO;
				DEBUG_INFORMATION_FORMAT = dwarf;
				ENABLE_STRICT_OBJC_MSGSEND = YES;
				ENABLE_TESTABILITY = YES;
				GCC_C_LANGUAGE_STANDARD = gnu11;
				GCC_DYNAMIC_NO_PIC = NO;
				GCC_NO_COMMON_BLOCKS = YES;
				GCC_OPTIMIZATION_LEVEL = 0;
				GCC_PREPROCESSOR_DEFINITIONS = (
					"DEBUG=1",
					"$(inherited)",
				);
				GCC_WARN_64_TO_32_BIT_CONVERSION = YES;
				GCC_WARN_ABOUT_RETURN_TYPE = YES_ERROR;
				GCC_WARN_UNDECLARED_SELECTOR = YES;
				GCC_WARN_UNINITIALIZED_AUTOS = YES_AGGRESSIVE;
				GCC_WARN_UNUSED_FUNCTION = YES;
				GCC_WARN_UNUSED_VARIABLE = YES;
				IPHONEOS_DEPLOYMENT_TARGET = 16.4;
				MTL_ENABLE_DEBUG_INFO = INCLUDE_SOURCE;
				MTL_FAST_MATH = YES;
				ONLY_ACTIVE_ARCH = YES;
				SDKROOT = iphoneos;
				SWIFT_ACTIVE_COMPILATION_CONDITIONS = DEBUG;
				SWIFT_OPTIMIZATION_LEVEL = "-Onone";
			};
			name = Debug;
		};
		37CF46CA2A50FAF800952075 /* Release */ = {
			isa = XCBuildConfiguration;
			buildSettings = {
				ALWAYS_SEARCH_USER_PATHS = NO;
				CLANG_ANALYZER_NONNULL = YES;
				CLANG_ANALYZER_NUMBER_OBJECT_CONVERSION = YES_AGGRESSIVE;
				CLANG_CXX_LANGUAGE_STANDARD = "gnu++20";
				CLANG_ENABLE_MODULES = YES;
				CLANG_ENABLE_OBJC_ARC = YES;
				CLANG_ENABLE_OBJC_WEAK = YES;
				CLANG_WARN_BLOCK_CAPTURE_AUTORELEASING = YES;
				CLANG_WARN_BOOL_CONVERSION = YES;
				CLANG_WARN_COMMA = YES;
				CLANG_WARN_CONSTANT_CONVERSION = YES;
				CLANG_WARN_DEPRECATED_OBJC_IMPLEMENTATIONS = YES;
				CLANG_WARN_DIRECT_OBJC_ISA_USAGE = YES_ERROR;
				CLANG_WARN_DOCUMENTATION_COMMENTS = YES;
				CLANG_WARN_EMPTY_BODY = YES;
				CLANG_WARN_ENUM_CONVERSION = YES;
				CLANG_WARN_INFINITE_RECURSION = YES;
				CLANG_WARN_INT_CONVERSION = YES;
				CLANG_WARN_NON_LITERAL_NULL_CONVERSION = YES;
				CLANG_WARN_OBJC_IMPLICIT_RETAIN_SELF = YES;
				CLANG_WARN_OBJC_LITERAL_CONVERSION = YES;
				CLANG_WARN_OBJC_ROOT_CLASS = YES_ERROR;
				CLANG_WARN_QUOTED_INCLUDE_IN_FRAMEWORK_HEADER = YES;
				CLANG_WARN_RANGE_LOOP_ANALYSIS = YES;
				CLANG_WARN_STRICT_PROTOTYPES = YES;
				CLANG_WARN_SUSPICIOUS_MOVE = YES;
				CLANG_WARN_UNGUARDED_AVAILABILITY = YES_AGGRESSIVE;
				CLANG_WARN_UNREACHABLE_CODE = YES;
				CLANG_WARN__DUPLICATE_METHOD_MATCH = YES;
				COPY_PHASE_STRIP = NO;
				DEBUG_INFORMATION_FORMAT = "dwarf-with-dsym";
				ENABLE_NS_ASSERTIONS = NO;
				ENABLE_STRICT_OBJC_MSGSEND = YES;
				GCC_C_LANGUAGE_STANDARD = gnu11;
				GCC_NO_COMMON_BLOCKS = YES;
				GCC_WARN_64_TO_32_BIT_CONVERSION = YES;
				GCC_WARN_ABOUT_RETURN_TYPE = YES_ERROR;
				GCC_WARN_UNDECLARED_SELECTOR = YES;
				GCC_WARN_UNINITIALIZED_AUTOS = YES_AGGRESSIVE;
				GCC_WARN_UNUSED_FUNCTION = YES;
				GCC_WARN_UNUSED_VARIABLE = YES;
				IPHONEOS_DEPLOYMENT_TARGET = 16.4;
				MTL_ENABLE_DEBUG_INFO = NO;
				MTL_FAST_MATH = YES;
				SDKROOT = iphoneos;
				SWIFT_COMPILATION_MODE = wholemodule;
				SWIFT_OPTIMIZATION_LEVEL = "-O";
				VALIDATE_PRODUCT = YES;
			};
			name = Release;
		};
		37CF46CC2A50FAF800952075 /* Debug */ = {
			isa = XCBuildConfiguration;
			buildSettings = {
				ASSETCATALOG_COMPILER_APPICON_NAME = AppIcon;
				ASSETCATALOG_COMPILER_GLOBAL_ACCENT_COLOR_NAME = AccentColor;
				CODE_SIGN_STYLE = Automatic;
				CURRENT_PROJECT_VERSION = 1;
				DEVELOPMENT_ASSET_PATHS = "\"AlpacaList/Preview Content\"";
				ENABLE_PREVIEWS = YES;
				GENERATE_INFOPLIST_FILE = YES;
				INFOPLIST_KEY_UIApplicationSceneManifest_Generation = YES;
				INFOPLIST_KEY_UIApplicationSupportsIndirectInputEvents = YES;
				INFOPLIST_KEY_UILaunchScreen_Generation = YES;
				INFOPLIST_KEY_UISupportedInterfaceOrientations_iPad = "UIInterfaceOrientationPortrait UIInterfaceOrientationPortraitUpsideDown UIInterfaceOrientationLandscapeLeft UIInterfaceOrientationLandscapeRight";
				INFOPLIST_KEY_UISupportedInterfaceOrientations_iPhone = "UIInterfaceOrientationPortrait UIInterfaceOrientationLandscapeLeft UIInterfaceOrientationLandscapeRight";
				LD_RUNPATH_SEARCH_PATHS = (
					"$(inherited)",
					"@executable_path/Frameworks",
				);
				MARKETING_VERSION = 1.0;
				PRODUCT_BUNDLE_IDENTIFIER = alpacavision.AlpacaList;
				PRODUCT_NAME = "$(TARGET_NAME)";
				SWIFT_EMIT_LOC_STRINGS = YES;
				SWIFT_VERSION = 5.0;
				TARGETED_DEVICE_FAMILY = "1,2";
			};
			name = Debug;
		};
		37CF46CD2A50FAF800952075 /* Release */ = {
			isa = XCBuildConfiguration;
			buildSettings = {
				ASSETCATALOG_COMPILER_APPICON_NAME = AppIcon;
				ASSETCATALOG_COMPILER_GLOBAL_ACCENT_COLOR_NAME = AccentColor;
				CODE_SIGN_STYLE = Automatic;
				CURRENT_PROJECT_VERSION = 1;
				DEVELOPMENT_ASSET_PATHS = "\"AlpacaList/Preview Content\"";
				ENABLE_PREVIEWS = YES;
				GENERATE_INFOPLIST_FILE = YES;
				INFOPLIST_KEY_UIApplicationSceneManifest_Generation = YES;
				INFOPLIST_KEY_UIApplicationSupportsIndirectInputEvents = YES;
				INFOPLIST_KEY_UILaunchScreen_Generation = YES;
				INFOPLIST_KEY_UISupportedInterfaceOrientations_iPad = "UIInterfaceOrientationPortrait UIInterfaceOrientationPortraitUpsideDown UIInterfaceOrientationLandscapeLeft UIInterfaceOrientationLandscapeRight";
				INFOPLIST_KEY_UISupportedInterfaceOrientations_iPhone = "UIInterfaceOrientationPortrait UIInterfaceOrientationLandscapeLeft UIInterfaceOrientationLandscapeRight";
				LD_RUNPATH_SEARCH_PATHS = (
					"$(inherited)",
					"@executable_path/Frameworks",
				);
				MARKETING_VERSION = 1.0;
				PRODUCT_BUNDLE_IDENTIFIER = alpacavision.AlpacaList;
				PRODUCT_NAME = "$(TARGET_NAME)";
				SWIFT_EMIT_LOC_STRINGS = YES;
				SWIFT_VERSION = 5.0;
				TARGETED_DEVICE_FAMILY = "1,2";
			};
			name = Release;
		};
		37CF46CF2A50FAF800952075 /* Debug */ = {
			isa = XCBuildConfiguration;
			buildSettings = {
				ALWAYS_EMBED_SWIFT_STANDARD_LIBRARIES = YES;
				BUNDLE_LOADER = "$(TEST_HOST)";
				CODE_SIGN_STYLE = Automatic;
				CURRENT_PROJECT_VERSION = 1;
				GENERATE_INFOPLIST_FILE = YES;
				IPHONEOS_DEPLOYMENT_TARGET = 16.4;
				MARKETING_VERSION = 1.0;
				PRODUCT_BUNDLE_IDENTIFIER = alpacavision.AlpacaListTests;
				PRODUCT_NAME = "$(TARGET_NAME)";
				SWIFT_EMIT_LOC_STRINGS = NO;
				SWIFT_VERSION = 5.0;
				TARGETED_DEVICE_FAMILY = "1,2";
				TEST_HOST = "$(BUILT_PRODUCTS_DIR)/AlpacaList.app/$(BUNDLE_EXECUTABLE_FOLDER_PATH)/AlpacaList";
			};
			name = Debug;
		};
		37CF46D02A50FAF800952075 /* Release */ = {
			isa = XCBuildConfiguration;
			buildSettings = {
				ALWAYS_EMBED_SWIFT_STANDARD_LIBRARIES = YES;
				BUNDLE_LOADER = "$(TEST_HOST)";
				CODE_SIGN_STYLE = Automatic;
				CURRENT_PROJECT_VERSION = 1;
				GENERATE_INFOPLIST_FILE = YES;
				IPHONEOS_DEPLOYMENT_TARGET = 16.4;
				MARKETING_VERSION = 1.0;
				PRODUCT_BUNDLE_IDENTIFIER = alpacavision.AlpacaListTests;
				PRODUCT_NAME = "$(TARGET_NAME)";
				SWIFT_EMIT_LOC_STRINGS = NO;
				SWIFT_VERSION = 5.0;
				TARGETED_DEVICE_FAMILY = "1,2";
				TEST_HOST = "$(BUILT_PRODUCTS_DIR)/AlpacaList.app/$(BUNDLE_EXECUTABLE_FOLDER_PATH)/AlpacaList";
			};
			name = Release;
		};
		37CF46D22A50FAF800952075 /* Debug */ = {
			isa = XCBuildConfiguration;
			buildSettings = {
				ALWAYS_EMBED_SWIFT_STANDARD_LIBRARIES = YES;
				CODE_SIGN_STYLE = Automatic;
				CURRENT_PROJECT_VERSION = 1;
				GENERATE_INFOPLIST_FILE = YES;
				MARKETING_VERSION = 1.0;
				PRODUCT_BUNDLE_IDENTIFIER = alpacavision.AlpacaListUITests;
				PRODUCT_NAME = "$(TARGET_NAME)";
				SWIFT_EMIT_LOC_STRINGS = NO;
				SWIFT_VERSION = 5.0;
				TARGETED_DEVICE_FAMILY = "1,2";
				TEST_TARGET_NAME = AlpacaList;
			};
			name = Debug;
		};
		37CF46D32A50FAF800952075 /* Release */ = {
			isa = XCBuildConfiguration;
			buildSettings = {
				ALWAYS_EMBED_SWIFT_STANDARD_LIBRARIES = YES;
				CODE_SIGN_STYLE = Automatic;
				CURRENT_PROJECT_VERSION = 1;
				GENERATE_INFOPLIST_FILE = YES;
				MARKETING_VERSION = 1.0;
				PRODUCT_BUNDLE_IDENTIFIER = alpacavision.AlpacaListUITests;
				PRODUCT_NAME = "$(TARGET_NAME)";
				SWIFT_EMIT_LOC_STRINGS = NO;
				SWIFT_VERSION = 5.0;
				TARGETED_DEVICE_FAMILY = "1,2";
				TEST_TARGET_NAME = AlpacaList;
			};
			name = Release;
		};
/* End XCBuildConfiguration section */

/* Begin XCConfigurationList section */
		37CF46A22A50FAF700952075 /* Build configuration list for PBXProject "AlpacaList" */ = {
			isa = XCConfigurationList;
			buildConfigurations = (
				37CF46C92A50FAF800952075 /* Debug */,
				37CF46CA2A50FAF800952075 /* Release */,
			);
			defaultConfigurationIsVisible = 0;
			defaultConfigurationName = Release;
		};
		37CF46CB2A50FAF800952075 /* Build configuration list for PBXNativeTarget "AlpacaList" */ = {
			isa = XCConfigurationList;
			buildConfigurations = (
				37CF46CC2A50FAF800952075 /* Debug */,
				37CF46CD2A50FAF800952075 /* Release */,
			);
			defaultConfigurationIsVisible = 0;
			defaultConfigurationName = Release;
		};
		37CF46CE2A50FAF800952075 /* Build configuration list for PBXNativeTarget "AlpacaListTests" */ = {
			isa = XCConfigurationList;
			buildConfigurations = (
				37CF46CF2A50FAF800952075 /* Debug */,
				37CF46D02A50FAF800952075 /* Release */,
			);
			defaultConfigurationIsVisible = 0;
			defaultConfigurationName = Release;
		};
		37CF46D12A50FAF800952075 /* Build configuration list for PBXNativeTarget "AlpacaListUITests" */ = {
			isa = XCConfigurationList;
			buildConfigurations = (
				37CF46D22A50FAF800952075 /* Debug */,
				37CF46D32A50FAF800952075 /* Release */,
			);
			defaultConfigurationIsVisible = 0;
			defaultConfigurationName = Release;
		};
/* End XCConfigurationList section */
	};
	rootObject = 37CF469F2A50FAF700952075 /* Project object */;
}
